
Microsoft Visual Studio Solution File, Format Version 12.00
# Visual Studio Version 16
VisualStudioVersion = 16.0.28803.352
MinimumVisualStudioVersion = 10.0.40219.1
Project("{9A19103F-16F7-4668-BE54-9A1E7A4F7556}") = "Delaunay.Benchmark", "Delaunay.Benchmark\Delaunay.Benchmark.csproj", "{3470C09A-3B6D-4D89-9F15-0DBA44370392}"
EndProject
Project("{FAE04EC0-301F-11D3-BF4B-00C04F79EFBC}") = "Delaunay.Wpf", "Delaunay.Wpf\Delaunay.Wpf.csproj", "{14F46446-54FF-428C-9F76-F051DE01F0A5}"
EndProject
Project("{FAE04EC0-301F-11D3-BF4B-00C04F79EFBC}") = "Delaunay", "Delaunay\Delaunay.csproj", "{E0553CF7-B2A8-4CEF-8F91-48E88A594DFA}"
EndProject
Global
	GlobalSection(SolutionConfigurationPlatforms) = preSolution
		Debug|Any CPU = Debug|Any CPU
		Release|Any CPU = Release|Any CPU
	EndGlobalSection
	GlobalSection(ProjectConfigurationPlatforms) = postSolution
		{3470C09A-3B6D-4D89-9F15-0DBA44370392}.Debug|Any CPU.ActiveCfg = Debug|Any CPU
		{3470C09A-3B6D-4D89-9F15-0DBA44370392}.Debug|Any CPU.Build.0 = Debug|Any CPU
		{3470C09A-3B6D-4D89-9F15-0DBA44370392}.Release|Any CPU.ActiveCfg = Release|Any CPU
		{3470C09A-3B6D-4D89-9F15-0DBA44370392}.Release|Any CPU.Build.0 = Release|Any CPU
		{14F46446-54FF-428C-9F76-F051DE01F0A5}.Debug|Any CPU.ActiveCfg = Debug|Any CPU
		{14F46446-54FF-428C-9F76-F051DE01F0A5}.Debug|Any CPU.Build.0 = Debug|Any CPU
		{14F46446-54FF-428C-9F76-F051DE01F0A5}.Release|Any CPU.ActiveCfg = Release|Any CPU
		{14F46446-54FF-428C-9F76-F051DE01F0A5}.Release|Any CPU.Build.0 = Release|Any CPU
		{E0553CF7-B2A8-4CEF-8F91-48E88A594DFA}.Debug|Any CPU.ActiveCfg = Debug|Any CPU
		{E0553CF7-B2A8-4CEF-8F91-48E88A594DFA}.Debug|Any CPU.Build.0 = Debug|Any CPU
		{E0553CF7-B2A8-4CEF-8F91-48E88A594DFA}.Release|Any CPU.ActiveCfg = Release|Any CPU
		{E0553CF7-B2A8-4CEF-8F91-48E88A594DFA}.Release|Any CPU.Build.0 = Release|Any CPU
	EndGlobalSection
	GlobalSection(SolutionProperties) = preSolution
		HideSolutionNode = FALSE
	EndGlobalSection
	GlobalSection(ExtensibilityGlobals) = postSolution
		SolutionGuid = {A6939564-FE8F-4987-A6F4-1E8082AFB38D}
	EndGlobalSection
EndGlobal
